<?xml version="1.0" encoding="utf-8"?>
<Project ToolsVersion="15.0" xmlns="http://schemas.microsoft.com/developer/msbuild/2003">
  <ItemGroup>
    <CustomBuild Include="C:\Users\WeiXi\OneDrive\桌面\SPlisHSPlasH-master\CMakeFiles\96d3bb827ff08d71b1c06946fd27c747\CopyEmitterModels.rule">
      <Filter>CMake Rules</Filter>
    </CustomBuild>
    <CustomBuild Include="C:\Users\WeiXi\OneDrive\桌面\SPlisHSPlasH-master\CMakeLists.txt" />
  </ItemGroup>
  <ItemGroup>
    <None Include="C:\Users\WeiXi\OneDrive\桌面\SPlisHSPlasH-master\CMakeFiles\CopyEmitterModels" />
  </ItemGroup>
  <ItemGroup>
    <Filter Include="CMake Rules">
      <UniqueIdentifier>{358669B5-73CB-3253-A07B-BC3F8180955C}</UniqueIdentifier>
    </Filter>
  </ItemGroup>
</Project>
