<?xml version="1.0" encoding="utf-8"?>
<Project ToolsVersion="15.0" xmlns="http://schemas.microsoft.com/developer/msbuild/2003">
  <ItemGroup>
    <CustomBuild Include="C:\Users\WeiXi\OneDrive\桌面\SPlisHSPlasH-master\CMakeFiles\e5f9da38247477ad75f32a32ceb6da4c\Ext_PBD-mkdir.rule">
      <Filter>CMake Rules</Filter>
    </CustomBuild>
    <CustomBuild Include="C:\Users\WeiXi\OneDrive\桌面\SPlisHSPlasH-master\CMakeFiles\e5f9da38247477ad75f32a32ceb6da4c\Ext_PBD-download.rule">
      <Filter>CMake Rules</Filter>
    </CustomBuild>
    <CustomBuild Include="C:\Users\WeiXi\OneDrive\桌面\SPlisHSPlasH-master\CMakeFiles\e5f9da38247477ad75f32a32ceb6da4c\Ext_PBD-update.rule">
      <Filter>CMake Rules</Filter>
    </CustomBuild>
    <CustomBuild Include="C:\Users\WeiXi\OneDrive\桌面\SPlisHSPlasH-master\CMakeFiles\e5f9da38247477ad75f32a32ceb6da4c\Ext_PBD-patch.rule">
      <Filter>CMake Rules</Filter>
    </CustomBuild>
    <CustomBuild Include="C:\Users\WeiXi\OneDrive\桌面\SPlisHSPlasH-master\CMakeFiles\e5f9da38247477ad75f32a32ceb6da4c\Ext_PBD-configure.rule">
      <Filter>CMake Rules</Filter>
    </CustomBuild>
    <CustomBuild Include="C:\Users\WeiXi\OneDrive\桌面\SPlisHSPlasH-master\CMakeFiles\e5f9da38247477ad75f32a32ceb6da4c\Ext_PBD-build.rule">
      <Filter>CMake Rules</Filter>
    </CustomBuild>
    <CustomBuild Include="C:\Users\WeiXi\OneDrive\桌面\SPlisHSPlasH-master\CMakeFiles\e5f9da38247477ad75f32a32ceb6da4c\Ext_PBD-install.rule">
      <Filter>CMake Rules</Filter>
    </CustomBuild>
    <CustomBuild Include="C:\Users\WeiXi\OneDrive\桌面\SPlisHSPlasH-master\CMakeFiles\48ccbb2b3bf28ff07e6b4f170dd52c99\Ext_PBD-complete.rule">
      <Filter>CMake Rules</Filter>
    </CustomBuild>
    <CustomBuild Include="C:\Users\WeiXi\OneDrive\桌面\SPlisHSPlasH-master\CMakeFiles\96d3bb827ff08d71b1c06946fd27c747\Ext_PBD.rule">
      <Filter>CMake Rules</Filter>
    </CustomBuild>
    <CustomBuild Include="C:\Users\WeiXi\OneDrive\桌面\SPlisHSPlasH-master\CMakeLists.txt" />
  </ItemGroup>
  <ItemGroup>
    <None Include="C:\Users\WeiXi\OneDrive\桌面\SPlisHSPlasH-master\CMakeFiles\Ext_PBD" />
  </ItemGroup>
  <ItemGroup>
    <Filter Include="CMake Rules">
      <UniqueIdentifier>{358669B5-73CB-3253-A07B-BC3F8180955C}</UniqueIdentifier>
    </Filter>
  </ItemGroup>
</Project>
