Microsoft Visual Studio Solution File, Format Version 12.00
# Visual Studio 15
Project("{2150E333-8FDC-42A3-9474-1A3956D46DE8}") = "CMakePredefinedTargets", "CMakePredefinedTargets", "{758D56B6-97CE-340F-A929-57124F0C27B4}"
EndProject
Project("{2150E333-8FDC-42A3-9474-1A3956D46DE8}") = "Data copy", "Data copy", "{C13D89F6-D8DC-3D9B-B603-EC8C44AD7BFA}"
EndProject
Project("{2150E333-8FDC-42A3-9474-1A3956D46DE8}") = "External Dependencies", "External Dependencies", "{3E082D97-DA62-3CCF-8AF6-DD881F47BC99}"
EndProject
Project("{2150E333-8FDC-42A3-9474-1A3956D46DE8}") = "ExternalProjectTargets", "ExternalProjectTargets", "{01123C17-3AD3-3671-8F5F-304EDBD739BE}"
EndProject
Project("{2150E333-8FDC-42A3-9474-1A3956D46DE8}") = "Ext_Discregrid", "ExternalProjectTargets\Ext_Discregrid", "{18E06979-EF89-3666-BD12-350C957703B1}"
EndProject
Project("{2150E333-8FDC-42A3-9474-1A3956D46DE8}") = "Ext_GenericParameters", "ExternalProjectTargets\Ext_GenericParameters", "{9C6ED766-ED06-3118-B3C2-F3FC47CF32F3}"
EndProject
Project("{2150E333-8FDC-42A3-9474-1A3956D46DE8}") = "Ext_NeighborhoodSearch", "ExternalProjectTargets\Ext_NeighborhoodSearch", "{01A93375-9BF5-3295-9887-3F2BB705BB38}"
EndProject
Project("{2150E333-8FDC-42A3-9474-1A3956D46DE8}") = "Ext_PBD", "ExternalProjectTargets\Ext_PBD", "{5266337D-393A-3E1F-844F-67FC189D2CF2}"
EndProject
Project("{2150E333-8FDC-42A3-9474-1A3956D46DE8}") = "Tests", "Tests", "{C1BD054E-684C-31B4-884D-3F1AB68A404A}"
EndProject
Project("{2150E333-8FDC-42A3-9474-1A3956D46DE8}") = "Tools", "Tools", "{B122EF89-E285-33F8-8187-E87EDDF9FAE3}"
EndProject
Project("{8BC9CEB8-8B4A-11D0-8D11-00A0C91BC942}") = "ALL_BUILD", "ALL_BUILD.vcxproj", "{5863C75F-0344-3917-9278-183B538A9238}"
	ProjectSection(ProjectDependencies) = postProject
		{A3CB353E-78EC-3CF2-9127-6F4F2DA70129} = {A3CB353E-78EC-3CF2-9127-6F4F2DA70129}
		{279DEAF0-0EB2-3EB3-B184-41CDE8309C55} = {279DEAF0-0EB2-3EB3-B184-41CDE8309C55}
		{1682A8A8-1252-3078-B41E-7EFD6B200148} = {1682A8A8-1252-3078-B41E-7EFD6B200148}
		{22E945F0-5EE9-30C7-A805-C419450AA6DC} = {22E945F0-5EE9-30C7-A805-C419450AA6DC}
		{9CB1F386-3D28-3A6E-8813-CC9A20EE1FEC} = {9CB1F386-3D28-3A6E-8813-CC9A20EE1FEC}
		{8032EFBB-E106-3F83-B365-B52BC0558EEE} = {8032EFBB-E106-3F83-B365-B52BC0558EEE}
		{1C3B4EC5-BA5B-345E-8FAB-3C76A006AC2C} = {1C3B4EC5-BA5B-345E-8FAB-3C76A006AC2C}
		{82EE01E7-0946-33C8-9330-E07553E38C59} = {82EE01E7-0946-33C8-9330-E07553E38C59}
		{E0CB0E20-E3E3-3D0D-8098-DABD4337E0C8} = {E0CB0E20-E3E3-3D0D-8098-DABD4337E0C8}
		{7CAB3262-57F9-39D8-B38F-EE08C2AFB497} = {7CAB3262-57F9-39D8-B38F-EE08C2AFB497}
		{7BA3FCDE-9D85-377F-B15E-00D227866698} = {7BA3FCDE-9D85-377F-B15E-00D227866698}
		{D3565204-F360-3BE0-8C38-98F9FB784E46} = {D3565204-F360-3BE0-8C38-98F9FB784E46}
		{82B08CB2-184A-3E2D-AD18-5E175ABF1B59} = {82B08CB2-184A-3E2D-AD18-5E175ABF1B59}
		{E15A6923-DD08-35EA-9638-4FDBA70BDA18} = {E15A6923-DD08-35EA-9638-4FDBA70BDA18}
		{D148C367-7DC2-3A5C-A277-89C4AC9E3CE9} = {D148C367-7DC2-3A5C-A277-89C4AC9E3CE9}
		{265C37AA-ECC4-36B5-A13C-2E88CB7332A3} = {265C37AA-ECC4-36B5-A13C-2E88CB7332A3}
		{7D6A19A0-9111-3CAF-A43A-BFF61381E14F} = {7D6A19A0-9111-3CAF-A43A-BFF61381E14F}
		{CDD3B8DF-4CCA-3BCC-8E68-137B82AE56F1} = {CDD3B8DF-4CCA-3BCC-8E68-137B82AE56F1}
		{92ACE998-B429-3569-8A76-38EA24AEF2BC} = {92ACE998-B429-3569-8A76-38EA24AEF2BC}
		{7C61C2A8-4200-3B6C-BDDE-861D78CC8DC6} = {7C61C2A8-4200-3B6C-BDDE-861D78CC8DC6}
		{F03758BA-8090-31AC-818F-83D3B8DC0EE2} = {F03758BA-8090-31AC-818F-83D3B8DC0EE2}
		{B3843192-7FBF-3235-9232-CA41F80B21FF} = {B3843192-7FBF-3235-9232-CA41F80B21FF}
	EndProjectSection
EndProject
Project("{8BC9CEB8-8B4A-11D0-8D11-00A0C91BC942}") = "AntTweakBar", "extern\AntTweakBar\AntTweakBar.vcxproj", "{A3CB353E-78EC-3CF2-9127-6F4F2DA70129}"
	ProjectSection(ProjectDependencies) = postProject
		{D148C367-7DC2-3A5C-A277-89C4AC9E3CE9} = {D148C367-7DC2-3A5C-A277-89C4AC9E3CE9}
	EndProjectSection
EndProject
Project("{8BC9CEB8-8B4A-11D0-8D11-00A0C91BC942}") = "CopyEmitterModels", "CopyEmitterModels.vcxproj", "{167F7E4D-B4C1-336C-85F1-BED83242794A}"
	ProjectSection(ProjectDependencies) = postProject
		{D148C367-7DC2-3A5C-A277-89C4AC9E3CE9} = {D148C367-7DC2-3A5C-A277-89C4AC9E3CE9}
	EndProjectSection
EndProject
Project("{8BC9CEB8-8B4A-11D0-8D11-00A0C91BC942}") = "CopyPBDShaders", "CopyPBDShaders.vcxproj", "{63FE3E02-CFBA-3AD1-A768-A13E6E0A03FA}"
	ProjectSection(ProjectDependencies) = postProject
		{9CB1F386-3D28-3A6E-8813-CC9A20EE1FEC} = {9CB1F386-3D28-3A6E-8813-CC9A20EE1FEC}
		{D148C367-7DC2-3A5C-A277-89C4AC9E3CE9} = {D148C367-7DC2-3A5C-A277-89C4AC9E3CE9}
	EndProjectSection
EndProject
Project("{8BC9CEB8-8B4A-11D0-8D11-00A0C91BC942}") = "CopySPlisHSPlasHShaders", "CopySPlisHSPlasHShaders.vcxproj", "{9CF11085-F01F-3512-A8C2-C462C8F7B328}"
	ProjectSection(ProjectDependencies) = postProject
		{D148C367-7DC2-3A5C-A277-89C4AC9E3CE9} = {D148C367-7DC2-3A5C-A277-89C4AC9E3CE9}
	EndProjectSection
EndProject
Project("{8BC9CEB8-8B4A-11D0-8D11-00A0C91BC942}") = "Ext_Discregrid", "Ext_Discregrid.vcxproj", "{279DEAF0-0EB2-3EB3-B184-41CDE8309C55}"
	ProjectSection(ProjectDependencies) = postProject
		{D148C367-7DC2-3A5C-A277-89C4AC9E3CE9} = {D148C367-7DC2-3A5C-A277-89C4AC9E3CE9}
	EndProjectSection
EndProject
Project("{8BC9CEB8-8B4A-11D0-8D11-00A0C91BC942}") = "Ext_GenericParameters", "Ext_GenericParameters.vcxproj", "{1682A8A8-1252-3078-B41E-7EFD6B200148}"
	ProjectSection(ProjectDependencies) = postProject
		{D148C367-7DC2-3A5C-A277-89C4AC9E3CE9} = {D148C367-7DC2-3A5C-A277-89C4AC9E3CE9}
	EndProjectSection
EndProject
Project("{8BC9CEB8-8B4A-11D0-8D11-00A0C91BC942}") = "Ext_NeighborhoodSearch", "Ext_NeighborhoodSearch.vcxproj", "{22E945F0-5EE9-30C7-A805-C419450AA6DC}"
	ProjectSection(ProjectDependencies) = postProject
		{D148C367-7DC2-3A5C-A277-89C4AC9E3CE9} = {D148C367-7DC2-3A5C-A277-89C4AC9E3CE9}
	EndProjectSection
EndProject
Project("{8BC9CEB8-8B4A-11D0-8D11-00A0C91BC942}") = "Ext_PBD", "Ext_PBD.vcxproj", "{9CB1F386-3D28-3A6E-8813-CC9A20EE1FEC}"
	ProjectSection(ProjectDependencies) = postProject
		{279DEAF0-0EB2-3EB3-B184-41CDE8309C55} = {279DEAF0-0EB2-3EB3-B184-41CDE8309C55}
		{1682A8A8-1252-3078-B41E-7EFD6B200148} = {1682A8A8-1252-3078-B41E-7EFD6B200148}
		{D148C367-7DC2-3A5C-A277-89C4AC9E3CE9} = {D148C367-7DC2-3A5C-A277-89C4AC9E3CE9}
	EndProjectSection
EndProject
Project("{8BC9CEB8-8B4A-11D0-8D11-00A0C91BC942}") = "KernelTests", "Tests\Kernel\KernelTests.vcxproj", "{8032EFBB-E106-3F83-B365-B52BC0558EEE}"
	ProjectSection(ProjectDependencies) = postProject
		{1C3B4EC5-BA5B-345E-8FAB-3C76A006AC2C} = {1C3B4EC5-BA5B-345E-8FAB-3C76A006AC2C}
		{7CAB3262-57F9-39D8-B38F-EE08C2AFB497} = {7CAB3262-57F9-39D8-B38F-EE08C2AFB497}
		{82B08CB2-184A-3E2D-AD18-5E175ABF1B59} = {82B08CB2-184A-3E2D-AD18-5E175ABF1B59}
		{D148C367-7DC2-3A5C-A277-89C4AC9E3CE9} = {D148C367-7DC2-3A5C-A277-89C4AC9E3CE9}
		{CDD3B8DF-4CCA-3BCC-8E68-137B82AE56F1} = {CDD3B8DF-4CCA-3BCC-8E68-137B82AE56F1}
		{F03758BA-8090-31AC-818F-83D3B8DC0EE2} = {F03758BA-8090-31AC-818F-83D3B8DC0EE2}
		{B3843192-7FBF-3235-9232-CA41F80B21FF} = {B3843192-7FBF-3235-9232-CA41F80B21FF}
	EndProjectSection
EndProject
Project("{8BC9CEB8-8B4A-11D0-8D11-00A0C91BC942}") = "MD5", "extern\md5\MD5.vcxproj", "{1C3B4EC5-BA5B-345E-8FAB-3C76A006AC2C}"
	ProjectSection(ProjectDependencies) = postProject
		{D148C367-7DC2-3A5C-A277-89C4AC9E3CE9} = {D148C367-7DC2-3A5C-A277-89C4AC9E3CE9}
	EndProjectSection
EndProject
Project("{8BC9CEB8-8B4A-11D0-8D11-00A0C91BC942}") = "PartioViewer", "Tools\PartioViewer\PartioViewer.vcxproj", "{82EE01E7-0946-33C8-9330-E07553E38C59}"
	ProjectSection(ProjectDependencies) = postProject
		{A3CB353E-78EC-3CF2-9127-6F4F2DA70129} = {A3CB353E-78EC-3CF2-9127-6F4F2DA70129}
		{9CF11085-F01F-3512-A8C2-C462C8F7B328} = {9CF11085-F01F-3512-A8C2-C462C8F7B328}
		{1C3B4EC5-BA5B-345E-8FAB-3C76A006AC2C} = {1C3B4EC5-BA5B-345E-8FAB-3C76A006AC2C}
		{7CAB3262-57F9-39D8-B38F-EE08C2AFB497} = {7CAB3262-57F9-39D8-B38F-EE08C2AFB497}
		{82B08CB2-184A-3E2D-AD18-5E175ABF1B59} = {82B08CB2-184A-3E2D-AD18-5E175ABF1B59}
		{D148C367-7DC2-3A5C-A277-89C4AC9E3CE9} = {D148C367-7DC2-3A5C-A277-89C4AC9E3CE9}
		{265C37AA-ECC4-36B5-A13C-2E88CB7332A3} = {265C37AA-ECC4-36B5-A13C-2E88CB7332A3}
		{7D6A19A0-9111-3CAF-A43A-BFF61381E14F} = {7D6A19A0-9111-3CAF-A43A-BFF61381E14F}
		{CDD3B8DF-4CCA-3BCC-8E68-137B82AE56F1} = {CDD3B8DF-4CCA-3BCC-8E68-137B82AE56F1}
		{F03758BA-8090-31AC-818F-83D3B8DC0EE2} = {F03758BA-8090-31AC-818F-83D3B8DC0EE2}
		{B3843192-7FBF-3235-9232-CA41F80B21FF} = {B3843192-7FBF-3235-9232-CA41F80B21FF}
	EndProjectSection
EndProject
Project("{8BC9CEB8-8B4A-11D0-8D11-00A0C91BC942}") = "SPHSimulator", "Simulator\SPHSimulator.vcxproj", "{E0CB0E20-E3E3-3D0D-8098-DABD4337E0C8}"
	ProjectSection(ProjectDependencies) = postProject
		{A3CB353E-78EC-3CF2-9127-6F4F2DA70129} = {A3CB353E-78EC-3CF2-9127-6F4F2DA70129}
		{9CB1F386-3D28-3A6E-8813-CC9A20EE1FEC} = {9CB1F386-3D28-3A6E-8813-CC9A20EE1FEC}
		{1C3B4EC5-BA5B-345E-8FAB-3C76A006AC2C} = {1C3B4EC5-BA5B-345E-8FAB-3C76A006AC2C}
		{7CAB3262-57F9-39D8-B38F-EE08C2AFB497} = {7CAB3262-57F9-39D8-B38F-EE08C2AFB497}
		{7BA3FCDE-9D85-377F-B15E-00D227866698} = {7BA3FCDE-9D85-377F-B15E-00D227866698}
		{82B08CB2-184A-3E2D-AD18-5E175ABF1B59} = {82B08CB2-184A-3E2D-AD18-5E175ABF1B59}
		{D148C367-7DC2-3A5C-A277-89C4AC9E3CE9} = {D148C367-7DC2-3A5C-A277-89C4AC9E3CE9}
		{265C37AA-ECC4-36B5-A13C-2E88CB7332A3} = {265C37AA-ECC4-36B5-A13C-2E88CB7332A3}
		{7D6A19A0-9111-3CAF-A43A-BFF61381E14F} = {7D6A19A0-9111-3CAF-A43A-BFF61381E14F}
		{CDD3B8DF-4CCA-3BCC-8E68-137B82AE56F1} = {CDD3B8DF-4CCA-3BCC-8E68-137B82AE56F1}
		{F03758BA-8090-31AC-818F-83D3B8DC0EE2} = {F03758BA-8090-31AC-818F-83D3B8DC0EE2}
		{B3843192-7FBF-3235-9232-CA41F80B21FF} = {B3843192-7FBF-3235-9232-CA41F80B21FF}
	EndProjectSection
EndProject
Project("{8BC9CEB8-8B4A-11D0-8D11-00A0C91BC942}") = "SPlisHSPlasH", "SPlisHSPlasH\SPlisHSPlasH.vcxproj", "{7CAB3262-57F9-39D8-B38F-EE08C2AFB497}"
	ProjectSection(ProjectDependencies) = postProject
		{279DEAF0-0EB2-3EB3-B184-41CDE8309C55} = {279DEAF0-0EB2-3EB3-B184-41CDE8309C55}
		{1682A8A8-1252-3078-B41E-7EFD6B200148} = {1682A8A8-1252-3078-B41E-7EFD6B200148}
		{22E945F0-5EE9-30C7-A805-C419450AA6DC} = {22E945F0-5EE9-30C7-A805-C419450AA6DC}
		{1C3B4EC5-BA5B-345E-8FAB-3C76A006AC2C} = {1C3B4EC5-BA5B-345E-8FAB-3C76A006AC2C}
		{82B08CB2-184A-3E2D-AD18-5E175ABF1B59} = {82B08CB2-184A-3E2D-AD18-5E175ABF1B59}
		{D148C367-7DC2-3A5C-A277-89C4AC9E3CE9} = {D148C367-7DC2-3A5C-A277-89C4AC9E3CE9}
		{CDD3B8DF-4CCA-3BCC-8E68-137B82AE56F1} = {CDD3B8DF-4CCA-3BCC-8E68-137B82AE56F1}
		{F03758BA-8090-31AC-818F-83D3B8DC0EE2} = {F03758BA-8090-31AC-818F-83D3B8DC0EE2}
		{B3843192-7FBF-3235-9232-CA41F80B21FF} = {B3843192-7FBF-3235-9232-CA41F80B21FF}
	EndProjectSection
EndProject
Project("{8BC9CEB8-8B4A-11D0-8D11-00A0C91BC942}") = "SimulatorBase", "Simulator\SimulatorBase.vcxproj", "{7BA3FCDE-9D85-377F-B15E-00D227866698}"
	ProjectSection(ProjectDependencies) = postProject
		{A3CB353E-78EC-3CF2-9127-6F4F2DA70129} = {A3CB353E-78EC-3CF2-9127-6F4F2DA70129}
		{167F7E4D-B4C1-336C-85F1-BED83242794A} = {167F7E4D-B4C1-336C-85F1-BED83242794A}
		{63FE3E02-CFBA-3AD1-A768-A13E6E0A03FA} = {63FE3E02-CFBA-3AD1-A768-A13E6E0A03FA}
		{9CF11085-F01F-3512-A8C2-C462C8F7B328} = {9CF11085-F01F-3512-A8C2-C462C8F7B328}
		{9CB1F386-3D28-3A6E-8813-CC9A20EE1FEC} = {9CB1F386-3D28-3A6E-8813-CC9A20EE1FEC}
		{1C3B4EC5-BA5B-345E-8FAB-3C76A006AC2C} = {1C3B4EC5-BA5B-345E-8FAB-3C76A006AC2C}
		{7CAB3262-57F9-39D8-B38F-EE08C2AFB497} = {7CAB3262-57F9-39D8-B38F-EE08C2AFB497}
		{82B08CB2-184A-3E2D-AD18-5E175ABF1B59} = {82B08CB2-184A-3E2D-AD18-5E175ABF1B59}
		{D148C367-7DC2-3A5C-A277-89C4AC9E3CE9} = {D148C367-7DC2-3A5C-A277-89C4AC9E3CE9}
		{265C37AA-ECC4-36B5-A13C-2E88CB7332A3} = {265C37AA-ECC4-36B5-A13C-2E88CB7332A3}
		{7D6A19A0-9111-3CAF-A43A-BFF61381E14F} = {7D6A19A0-9111-3CAF-A43A-BFF61381E14F}
		{CDD3B8DF-4CCA-3BCC-8E68-137B82AE56F1} = {CDD3B8DF-4CCA-3BCC-8E68-137B82AE56F1}
		{F03758BA-8090-31AC-818F-83D3B8DC0EE2} = {F03758BA-8090-31AC-818F-83D3B8DC0EE2}
		{B3843192-7FBF-3235-9232-CA41F80B21FF} = {B3843192-7FBF-3235-9232-CA41F80B21FF}
	EndProjectSection
EndProject
Project("{8BC9CEB8-8B4A-11D0-8D11-00A0C91BC942}") = "SurfaceSampling", "Tools\SurfaceSampling\SurfaceSampling.vcxproj", "{D3565204-F360-3BE0-8C38-98F9FB784E46}"
	ProjectSection(ProjectDependencies) = postProject
		{1C3B4EC5-BA5B-345E-8FAB-3C76A006AC2C} = {1C3B4EC5-BA5B-345E-8FAB-3C76A006AC2C}
		{7CAB3262-57F9-39D8-B38F-EE08C2AFB497} = {7CAB3262-57F9-39D8-B38F-EE08C2AFB497}
		{82B08CB2-184A-3E2D-AD18-5E175ABF1B59} = {82B08CB2-184A-3E2D-AD18-5E175ABF1B59}
		{D148C367-7DC2-3A5C-A277-89C4AC9E3CE9} = {D148C367-7DC2-3A5C-A277-89C4AC9E3CE9}
		{CDD3B8DF-4CCA-3BCC-8E68-137B82AE56F1} = {CDD3B8DF-4CCA-3BCC-8E68-137B82AE56F1}
		{F03758BA-8090-31AC-818F-83D3B8DC0EE2} = {F03758BA-8090-31AC-818F-83D3B8DC0EE2}
		{B3843192-7FBF-3235-9232-CA41F80B21FF} = {B3843192-7FBF-3235-9232-CA41F80B21FF}
	EndProjectSection
EndProject
Project("{8BC9CEB8-8B4A-11D0-8D11-00A0C91BC942}") = "Utilities", "Utilities\Utilities.vcxproj", "{82B08CB2-184A-3E2D-AD18-5E175ABF1B59}"
	ProjectSection(ProjectDependencies) = postProject
		{D148C367-7DC2-3A5C-A277-89C4AC9E3CE9} = {D148C367-7DC2-3A5C-A277-89C4AC9E3CE9}
		{CDD3B8DF-4CCA-3BCC-8E68-137B82AE56F1} = {CDD3B8DF-4CCA-3BCC-8E68-137B82AE56F1}
		{B3843192-7FBF-3235-9232-CA41F80B21FF} = {B3843192-7FBF-3235-9232-CA41F80B21FF}
	EndProjectSection
EndProject
Project("{8BC9CEB8-8B4A-11D0-8D11-00A0C91BC942}") = "VolumeSampling", "Tools\VolumeSampling\VolumeSampling.vcxproj", "{E15A6923-DD08-35EA-9638-4FDBA70BDA18}"
	ProjectSection(ProjectDependencies) = postProject
		{1C3B4EC5-BA5B-345E-8FAB-3C76A006AC2C} = {1C3B4EC5-BA5B-345E-8FAB-3C76A006AC2C}
		{7CAB3262-57F9-39D8-B38F-EE08C2AFB497} = {7CAB3262-57F9-39D8-B38F-EE08C2AFB497}
		{82B08CB2-184A-3E2D-AD18-5E175ABF1B59} = {82B08CB2-184A-3E2D-AD18-5E175ABF1B59}
		{D148C367-7DC2-3A5C-A277-89C4AC9E3CE9} = {D148C367-7DC2-3A5C-A277-89C4AC9E3CE9}
		{CDD3B8DF-4CCA-3BCC-8E68-137B82AE56F1} = {CDD3B8DF-4CCA-3BCC-8E68-137B82AE56F1}
		{F03758BA-8090-31AC-818F-83D3B8DC0EE2} = {F03758BA-8090-31AC-818F-83D3B8DC0EE2}
		{B3843192-7FBF-3235-9232-CA41F80B21FF} = {B3843192-7FBF-3235-9232-CA41F80B21FF}
	EndProjectSection
EndProject
Project("{8BC9CEB8-8B4A-11D0-8D11-00A0C91BC942}") = "ZERO_CHECK", "ZERO_CHECK.vcxproj", "{D148C367-7DC2-3A5C-A277-89C4AC9E3CE9}"
	ProjectSection(ProjectDependencies) = postProject
	EndProjectSection
EndProject
Project("{8BC9CEB8-8B4A-11D0-8D11-00A0C91BC942}") = "freeglut", "extern\freeglut\src\freeglut.vcxproj", "{265C37AA-ECC4-36B5-A13C-2E88CB7332A3}"
	ProjectSection(ProjectDependencies) = postProject
		{D148C367-7DC2-3A5C-A277-89C4AC9E3CE9} = {D148C367-7DC2-3A5C-A277-89C4AC9E3CE9}
	EndProjectSection
EndProject
Project("{8BC9CEB8-8B4A-11D0-8D11-00A0C91BC942}") = "glew", "extern\glew\glew.vcxproj", "{7D6A19A0-9111-3CAF-A43A-BFF61381E14F}"
	ProjectSection(ProjectDependencies) = postProject
		{D148C367-7DC2-3A5C-A277-89C4AC9E3CE9} = {D148C367-7DC2-3A5C-A277-89C4AC9E3CE9}
	EndProjectSection
EndProject
Project("{8BC9CEB8-8B4A-11D0-8D11-00A0C91BC942}") = "partio", "extern\partio\src\lib\partio.vcxproj", "{CDD3B8DF-4CCA-3BCC-8E68-137B82AE56F1}"
	ProjectSection(ProjectDependencies) = postProject
		{D148C367-7DC2-3A5C-A277-89C4AC9E3CE9} = {D148C367-7DC2-3A5C-A277-89C4AC9E3CE9}
	EndProjectSection
EndProject
Project("{8BC9CEB8-8B4A-11D0-8D11-00A0C91BC942}") = "partio2vtk", "Tools\partio2vtk\partio2vtk.vcxproj", "{92ACE998-B429-3569-8A76-38EA24AEF2BC}"
	ProjectSection(ProjectDependencies) = postProject
		{1C3B4EC5-BA5B-345E-8FAB-3C76A006AC2C} = {1C3B4EC5-BA5B-345E-8FAB-3C76A006AC2C}
		{7CAB3262-57F9-39D8-B38F-EE08C2AFB497} = {7CAB3262-57F9-39D8-B38F-EE08C2AFB497}
		{82B08CB2-184A-3E2D-AD18-5E175ABF1B59} = {82B08CB2-184A-3E2D-AD18-5E175ABF1B59}
		{D148C367-7DC2-3A5C-A277-89C4AC9E3CE9} = {D148C367-7DC2-3A5C-A277-89C4AC9E3CE9}
		{CDD3B8DF-4CCA-3BCC-8E68-137B82AE56F1} = {CDD3B8DF-4CCA-3BCC-8E68-137B82AE56F1}
		{F03758BA-8090-31AC-818F-83D3B8DC0EE2} = {F03758BA-8090-31AC-818F-83D3B8DC0EE2}
		{B3843192-7FBF-3235-9232-CA41F80B21FF} = {B3843192-7FBF-3235-9232-CA41F80B21FF}
	EndProjectSection
EndProject
Project("{8BC9CEB8-8B4A-11D0-8D11-00A0C91BC942}") = "pysplash", "PySPlasH\pysplash.vcxproj", "{7C61C2A8-4200-3B6C-BDDE-861D78CC8DC6}"
	ProjectSection(ProjectDependencies) = postProject
		{A3CB353E-78EC-3CF2-9127-6F4F2DA70129} = {A3CB353E-78EC-3CF2-9127-6F4F2DA70129}
		{9CB1F386-3D28-3A6E-8813-CC9A20EE1FEC} = {9CB1F386-3D28-3A6E-8813-CC9A20EE1FEC}
		{1C3B4EC5-BA5B-345E-8FAB-3C76A006AC2C} = {1C3B4EC5-BA5B-345E-8FAB-3C76A006AC2C}
		{7CAB3262-57F9-39D8-B38F-EE08C2AFB497} = {7CAB3262-57F9-39D8-B38F-EE08C2AFB497}
		{7BA3FCDE-9D85-377F-B15E-00D227866698} = {7BA3FCDE-9D85-377F-B15E-00D227866698}
		{82B08CB2-184A-3E2D-AD18-5E175ABF1B59} = {82B08CB2-184A-3E2D-AD18-5E175ABF1B59}
		{D148C367-7DC2-3A5C-A277-89C4AC9E3CE9} = {D148C367-7DC2-3A5C-A277-89C4AC9E3CE9}
		{265C37AA-ECC4-36B5-A13C-2E88CB7332A3} = {265C37AA-ECC4-36B5-A13C-2E88CB7332A3}
		{7D6A19A0-9111-3CAF-A43A-BFF61381E14F} = {7D6A19A0-9111-3CAF-A43A-BFF61381E14F}
		{CDD3B8DF-4CCA-3BCC-8E68-137B82AE56F1} = {CDD3B8DF-4CCA-3BCC-8E68-137B82AE56F1}
		{F03758BA-8090-31AC-818F-83D3B8DC0EE2} = {F03758BA-8090-31AC-818F-83D3B8DC0EE2}
		{B3843192-7FBF-3235-9232-CA41F80B21FF} = {B3843192-7FBF-3235-9232-CA41F80B21FF}
	EndProjectSection
EndProject
Project("{8BC9CEB8-8B4A-11D0-8D11-00A0C91BC942}") = "tinyexpr", "extern\tinyexpr\tinyexpr.vcxproj", "{F03758BA-8090-31AC-818F-83D3B8DC0EE2}"
	ProjectSection(ProjectDependencies) = postProject
		{D148C367-7DC2-3A5C-A277-89C4AC9E3CE9} = {D148C367-7DC2-3A5C-A277-89C4AC9E3CE9}
	EndProjectSection
EndProject
Project("{8BC9CEB8-8B4A-11D0-8D11-00A0C91BC942}") = "zlib", "extern\zlib\zlib.vcxproj", "{B3843192-7FBF-3235-9232-CA41F80B21FF}"
	ProjectSection(ProjectDependencies) = postProject
		{D148C367-7DC2-3A5C-A277-89C4AC9E3CE9} = {D148C367-7DC2-3A5C-A277-89C4AC9E3CE9}
	EndProjectSection
EndProject
Global
	GlobalSection(SolutionConfigurationPlatforms) = preSolution
		Debug|Win32 = Debug|Win32
		Release|Win32 = Release|Win32
		MinSizeRel|Win32 = MinSizeRel|Win32
		RelWithDebInfo|Win32 = RelWithDebInfo|Win32
	EndGlobalSection
	GlobalSection(ProjectConfigurationPlatforms) = postSolution
		{5863C75F-0344-3917-9278-183B538A9238}.Debug|Win32.ActiveCfg = Debug|Win32
		{5863C75F-0344-3917-9278-183B538A9238}.Release|Win32.ActiveCfg = Release|Win32
		{5863C75F-0344-3917-9278-183B538A9238}.MinSizeRel|Win32.ActiveCfg = MinSizeRel|Win32
		{5863C75F-0344-3917-9278-183B538A9238}.RelWithDebInfo|Win32.ActiveCfg = RelWithDebInfo|Win32
		{A3CB353E-78EC-3CF2-9127-6F4F2DA70129}.Debug|Win32.ActiveCfg = Debug|Win32
		{A3CB353E-78EC-3CF2-9127-6F4F2DA70129}.Debug|Win32.Build.0 = Debug|Win32
		{A3CB353E-78EC-3CF2-9127-6F4F2DA70129}.Release|Win32.ActiveCfg = Release|Win32
		{A3CB353E-78EC-3CF2-9127-6F4F2DA70129}.Release|Win32.Build.0 = Release|Win32
		{A3CB353E-78EC-3CF2-9127-6F4F2DA70129}.MinSizeRel|Win32.ActiveCfg = MinSizeRel|Win32
		{A3CB353E-78EC-3CF2-9127-6F4F2DA70129}.MinSizeRel|Win32.Build.0 = MinSizeRel|Win32
		{A3CB353E-78EC-3CF2-9127-6F4F2DA70129}.RelWithDebInfo|Win32.ActiveCfg = RelWithDebInfo|Win32
		{A3CB353E-78EC-3CF2-9127-6F4F2DA70129}.RelWithDebInfo|Win32.Build.0 = RelWithDebInfo|Win32
		{167F7E4D-B4C1-336C-85F1-BED83242794A}.Debug|Win32.ActiveCfg = Debug|Win32
		{167F7E4D-B4C1-336C-85F1-BED83242794A}.Debug|Win32.Build.0 = Debug|Win32
		{167F7E4D-B4C1-336C-85F1-BED83242794A}.Release|Win32.ActiveCfg = Release|Win32
		{167F7E4D-B4C1-336C-85F1-BED83242794A}.Release|Win32.Build.0 = Release|Win32
		{167F7E4D-B4C1-336C-85F1-BED83242794A}.MinSizeRel|Win32.ActiveCfg = MinSizeRel|Win32
		{167F7E4D-B4C1-336C-85F1-BED83242794A}.MinSizeRel|Win32.Build.0 = MinSizeRel|Win32
		{167F7E4D-B4C1-336C-85F1-BED83242794A}.RelWithDebInfo|Win32.ActiveCfg = RelWithDebInfo|Win32
		{167F7E4D-B4C1-336C-85F1-BED83242794A}.RelWithDebInfo|Win32.Build.0 = RelWithDebInfo|Win32
		{63FE3E02-CFBA-3AD1-A768-A13E6E0A03FA}.Debug|Win32.ActiveCfg = Debug|Win32
		{63FE3E02-CFBA-3AD1-A768-A13E6E0A03FA}.Debug|Win32.Build.0 = Debug|Win32
		{63FE3E02-CFBA-3AD1-A768-A13E6E0A03FA}.Release|Win32.ActiveCfg = Release|Win32
		{63FE3E02-CFBA-3AD1-A768-A13E6E0A03FA}.Release|Win32.Build.0 = Release|Win32
		{63FE3E02-CFBA-3AD1-A768-A13E6E0A03FA}.MinSizeRel|Win32.ActiveCfg = MinSizeRel|Win32
		{63FE3E02-CFBA-3AD1-A768-A13E6E0A03FA}.MinSizeRel|Win32.Build.0 = MinSizeRel|Win32
		{63FE3E02-CFBA-3AD1-A768-A13E6E0A03FA}.RelWithDebInfo|Win32.ActiveCfg = RelWithDebInfo|Win32
		{63FE3E02-CFBA-3AD1-A768-A13E6E0A03FA}.RelWithDebInfo|Win32.Build.0 = RelWithDebInfo|Win32
		{9CF11085-F01F-3512-A8C2-C462C8F7B328}.Debug|Win32.ActiveCfg = Debug|Win32
		{9CF11085-F01F-3512-A8C2-C462C8F7B328}.Debug|Win32.Build.0 = Debug|Win32
		{9CF11085-F01F-3512-A8C2-C462C8F7B328}.Release|Win32.ActiveCfg = Release|Win32
		{9CF11085-F01F-3512-A8C2-C462C8F7B328}.Release|Win32.Build.0 = Release|Win32
		{9CF11085-F01F-3512-A8C2-C462C8F7B328}.MinSizeRel|Win32.ActiveCfg = MinSizeRel|Win32
		{9CF11085-F01F-3512-A8C2-C462C8F7B328}.MinSizeRel|Win32.Build.0 = MinSizeRel|Win32
		{9CF11085-F01F-3512-A8C2-C462C8F7B328}.RelWithDebInfo|Win32.ActiveCfg = RelWithDebInfo|Win32
		{9CF11085-F01F-3512-A8C2-C462C8F7B328}.RelWithDebInfo|Win32.Build.0 = RelWithDebInfo|Win32
		{279DEAF0-0EB2-3EB3-B184-41CDE8309C55}.Debug|Win32.ActiveCfg = Debug|Win32
		{279DEAF0-0EB2-3EB3-B184-41CDE8309C55}.Debug|Win32.Build.0 = Debug|Win32
		{279DEAF0-0EB2-3EB3-B184-41CDE8309C55}.Release|Win32.ActiveCfg = Release|Win32
		{279DEAF0-0EB2-3EB3-B184-41CDE8309C55}.Release|Win32.Build.0 = Release|Win32
		{279DEAF0-0EB2-3EB3-B184-41CDE8309C55}.MinSizeRel|Win32.ActiveCfg = MinSizeRel|Win32
		{279DEAF0-0EB2-3EB3-B184-41CDE8309C55}.MinSizeRel|Win32.Build.0 = MinSizeRel|Win32
		{279DEAF0-0EB2-3EB3-B184-41CDE8309C55}.RelWithDebInfo|Win32.ActiveCfg = RelWithDebInfo|Win32
		{279DEAF0-0EB2-3EB3-B184-41CDE8309C55}.RelWithDebInfo|Win32.Build.0 = RelWithDebInfo|Win32
		{1682A8A8-1252-3078-B41E-7EFD6B200148}.Debug|Win32.ActiveCfg = Debug|Win32
		{1682A8A8-1252-3078-B41E-7EFD6B200148}.Debug|Win32.Build.0 = Debug|Win32
		{1682A8A8-1252-3078-B41E-7EFD6B200148}.Release|Win32.ActiveCfg = Release|Win32
		{1682A8A8-1252-3078-B41E-7EFD6B200148}.Release|Win32.Build.0 = Release|Win32
		{1682A8A8-1252-3078-B41E-7EFD6B200148}.MinSizeRel|Win32.ActiveCfg = MinSizeRel|Win32
		{1682A8A8-1252-3078-B41E-7EFD6B200148}.MinSizeRel|Win32.Build.0 = MinSizeRel|Win32
		{1682A8A8-1252-3078-B41E-7EFD6B200148}.RelWithDebInfo|Win32.ActiveCfg = RelWithDebInfo|Win32
		{1682A8A8-1252-3078-B41E-7EFD6B200148}.RelWithDebInfo|Win32.Build.0 = RelWithDebInfo|Win32
		{22E945F0-5EE9-30C7-A805-C419450AA6DC}.Debug|Win32.ActiveCfg = Debug|Win32
		{22E945F0-5EE9-30C7-A805-C419450AA6DC}.Debug|Win32.Build.0 = Debug|Win32
		{22E945F0-5EE9-30C7-A805-C419450AA6DC}.Release|Win32.ActiveCfg = Release|Win32
		{22E945F0-5EE9-30C7-A805-C419450AA6DC}.Release|Win32.Build.0 = Release|Win32
		{22E945F0-5EE9-30C7-A805-C419450AA6DC}.MinSizeRel|Win32.ActiveCfg = MinSizeRel|Win32
		{22E945F0-5EE9-30C7-A805-C419450AA6DC}.MinSizeRel|Win32.Build.0 = MinSizeRel|Win32
		{22E945F0-5EE9-30C7-A805-C419450AA6DC}.RelWithDebInfo|Win32.ActiveCfg = RelWithDebInfo|Win32
		{22E945F0-5EE9-30C7-A805-C419450AA6DC}.RelWithDebInfo|Win32.Build.0 = RelWithDebInfo|Win32
		{9CB1F386-3D28-3A6E-8813-CC9A20EE1FEC}.Debug|Win32.ActiveCfg = Debug|Win32
		{9CB1F386-3D28-3A6E-8813-CC9A20EE1FEC}.Debug|Win32.Build.0 = Debug|Win32
		{9CB1F386-3D28-3A6E-8813-CC9A20EE1FEC}.Release|Win32.ActiveCfg = Release|Win32
		{9CB1F386-3D28-3A6E-8813-CC9A20EE1FEC}.Release|Win32.Build.0 = Release|Win32
		{9CB1F386-3D28-3A6E-8813-CC9A20EE1FEC}.MinSizeRel|Win32.ActiveCfg = MinSizeRel|Win32
		{9CB1F386-3D28-3A6E-8813-CC9A20EE1FEC}.MinSizeRel|Win32.Build.0 = MinSizeRel|Win32
		{9CB1F386-3D28-3A6E-8813-CC9A20EE1FEC}.RelWithDebInfo|Win32.ActiveCfg = RelWithDebInfo|Win32
		{9CB1F386-3D28-3A6E-8813-CC9A20EE1FEC}.RelWithDebInfo|Win32.Build.0 = RelWithDebInfo|Win32
		{8032EFBB-E106-3F83-B365-B52BC0558EEE}.Debug|Win32.ActiveCfg = Debug|Win32
		{8032EFBB-E106-3F83-B365-B52BC0558EEE}.Debug|Win32.Build.0 = Debug|Win32
		{8032EFBB-E106-3F83-B365-B52BC0558EEE}.Release|Win32.ActiveCfg = Release|Win32
		{8032EFBB-E106-3F83-B365-B52BC0558EEE}.Release|Win32.Build.0 = Release|Win32
		{8032EFBB-E106-3F83-B365-B52BC0558EEE}.MinSizeRel|Win32.ActiveCfg = MinSizeRel|Win32
		{8032EFBB-E106-3F83-B365-B52BC0558EEE}.MinSizeRel|Win32.Build.0 = MinSizeRel|Win32
		{8032EFBB-E106-3F83-B365-B52BC0558EEE}.RelWithDebInfo|Win32.ActiveCfg = RelWithDebInfo|Win32
		{8032EFBB-E106-3F83-B365-B52BC0558EEE}.RelWithDebInfo|Win32.Build.0 = RelWithDebInfo|Win32
		{1C3B4EC5-BA5B-345E-8FAB-3C76A006AC2C}.Debug|Win32.ActiveCfg = Debug|Win32
		{1C3B4EC5-BA5B-345E-8FAB-3C76A006AC2C}.Debug|Win32.Build.0 = Debug|Win32
		{1C3B4EC5-BA5B-345E-8FAB-3C76A006AC2C}.Release|Win32.ActiveCfg = Release|Win32
		{1C3B4EC5-BA5B-345E-8FAB-3C76A006AC2C}.Release|Win32.Build.0 = Release|Win32
		{1C3B4EC5-BA5B-345E-8FAB-3C76A006AC2C}.MinSizeRel|Win32.ActiveCfg = MinSizeRel|Win32
		{1C3B4EC5-BA5B-345E-8FAB-3C76A006AC2C}.MinSizeRel|Win32.Build.0 = MinSizeRel|Win32
		{1C3B4EC5-BA5B-345E-8FAB-3C76A006AC2C}.RelWithDebInfo|Win32.ActiveCfg = RelWithDebInfo|Win32
		{1C3B4EC5-BA5B-345E-8FAB-3C76A006AC2C}.RelWithDebInfo|Win32.Build.0 = RelWithDebInfo|Win32
		{82EE01E7-0946-33C8-9330-E07553E38C59}.Debug|Win32.ActiveCfg = Debug|Win32
		{82EE01E7-0946-33C8-9330-E07553E38C59}.Debug|Win32.Build.0 = Debug|Win32
		{82EE01E7-0946-33C8-9330-E07553E38C59}.Release|Win32.ActiveCfg = Release|Win32
		{82EE01E7-0946-33C8-9330-E07553E38C59}.Release|Win32.Build.0 = Release|Win32
		{82EE01E7-0946-33C8-9330-E07553E38C59}.MinSizeRel|Win32.ActiveCfg = MinSizeRel|Win32
		{82EE01E7-0946-33C8-9330-E07553E38C59}.MinSizeRel|Win32.Build.0 = MinSizeRel|Win32
		{82EE01E7-0946-33C8-9330-E07553E38C59}.RelWithDebInfo|Win32.ActiveCfg = RelWithDebInfo|Win32
		{82EE01E7-0946-33C8-9330-E07553E38C59}.RelWithDebInfo|Win32.Build.0 = RelWithDebInfo|Win32
		{E0CB0E20-E3E3-3D0D-8098-DABD4337E0C8}.Debug|Win32.ActiveCfg = Debug|Win32
		{E0CB0E20-E3E3-3D0D-8098-DABD4337E0C8}.Debug|Win32.Build.0 = Debug|Win32
		{E0CB0E20-E3E3-3D0D-8098-DABD4337E0C8}.Release|Win32.ActiveCfg = Release|Win32
		{E0CB0E20-E3E3-3D0D-8098-DABD4337E0C8}.Release|Win32.Build.0 = Release|Win32
		{E0CB0E20-E3E3-3D0D-8098-DABD4337E0C8}.MinSizeRel|Win32.ActiveCfg = MinSizeRel|Win32
		{E0CB0E20-E3E3-3D0D-8098-DABD4337E0C8}.MinSizeRel|Win32.Build.0 = MinSizeRel|Win32
		{E0CB0E20-E3E3-3D0D-8098-DABD4337E0C8}.RelWithDebInfo|Win32.ActiveCfg = RelWithDebInfo|Win32
		{E0CB0E20-E3E3-3D0D-8098-DABD4337E0C8}.RelWithDebInfo|Win32.Build.0 = RelWithDebInfo|Win32
		{7CAB3262-57F9-39D8-B38F-EE08C2AFB497}.Debug|Win32.ActiveCfg = Debug|Win32
		{7CAB3262-57F9-39D8-B38F-EE08C2AFB497}.Debug|Win32.Build.0 = Debug|Win32
		{7CAB3262-57F9-39D8-B38F-EE08C2AFB497}.Release|Win32.ActiveCfg = Release|Win32
		{7CAB3262-57F9-39D8-B38F-EE08C2AFB497}.Release|Win32.Build.0 = Release|Win32
		{7CAB3262-57F9-39D8-B38F-EE08C2AFB497}.MinSizeRel|Win32.ActiveCfg = MinSizeRel|Win32
		{7CAB3262-57F9-39D8-B38F-EE08C2AFB497}.MinSizeRel|Win32.Build.0 = MinSizeRel|Win32
		{7CAB3262-57F9-39D8-B38F-EE08C2AFB497}.RelWithDebInfo|Win32.ActiveCfg = RelWithDebInfo|Win32
		{7CAB3262-57F9-39D8-B38F-EE08C2AFB497}.RelWithDebInfo|Win32.Build.0 = RelWithDebInfo|Win32
		{7BA3FCDE-9D85-377F-B15E-00D227866698}.Debug|Win32.ActiveCfg = Debug|Win32
		{7BA3FCDE-9D85-377F-B15E-00D227866698}.Debug|Win32.Build.0 = Debug|Win32
		{7BA3FCDE-9D85-377F-B15E-00D227866698}.Release|Win32.ActiveCfg = Release|Win32
		{7BA3FCDE-9D85-377F-B15E-00D227866698}.Release|Win32.Build.0 = Release|Win32
		{7BA3FCDE-9D85-377F-B15E-00D227866698}.MinSizeRel|Win32.ActiveCfg = MinSizeRel|Win32
		{7BA3FCDE-9D85-377F-B15E-00D227866698}.MinSizeRel|Win32.Build.0 = MinSizeRel|Win32
		{7BA3FCDE-9D85-377F-B15E-00D227866698}.RelWithDebInfo|Win32.ActiveCfg = RelWithDebInfo|Win32
		{7BA3FCDE-9D85-377F-B15E-00D227866698}.RelWithDebInfo|Win32.Build.0 = RelWithDebInfo|Win32
		{D3565204-F360-3BE0-8C38-98F9FB784E46}.Debug|Win32.ActiveCfg = Debug|Win32
		{D3565204-F360-3BE0-8C38-98F9FB784E46}.Debug|Win32.Build.0 = Debug|Win32
		{D3565204-F360-3BE0-8C38-98F9FB784E46}.Release|Win32.ActiveCfg = Release|Win32
		{D3565204-F360-3BE0-8C38-98F9FB784E46}.Release|Win32.Build.0 = Release|Win32
		{D3565204-F360-3BE0-8C38-98F9FB784E46}.MinSizeRel|Win32.ActiveCfg = MinSizeRel|Win32
		{D3565204-F360-3BE0-8C38-98F9FB784E46}.MinSizeRel|Win32.Build.0 = MinSizeRel|Win32
		{D3565204-F360-3BE0-8C38-98F9FB784E46}.RelWithDebInfo|Win32.ActiveCfg = RelWithDebInfo|Win32
		{D3565204-F360-3BE0-8C38-98F9FB784E46}.RelWithDebInfo|Win32.Build.0 = RelWithDebInfo|Win32
		{82B08CB2-184A-3E2D-AD18-5E175ABF1B59}.Debug|Win32.ActiveCfg = Debug|Win32
		{82B08CB2-184A-3E2D-AD18-5E175ABF1B59}.Debug|Win32.Build.0 = Debug|Win32
		{82B08CB2-184A-3E2D-AD18-5E175ABF1B59}.Release|Win32.ActiveCfg = Release|Win32
		{82B08CB2-184A-3E2D-AD18-5E175ABF1B59}.Release|Win32.Build.0 = Release|Win32
		{82B08CB2-184A-3E2D-AD18-5E175ABF1B59}.MinSizeRel|Win32.ActiveCfg = MinSizeRel|Win32
		{82B08CB2-184A-3E2D-AD18-5E175ABF1B59}.MinSizeRel|Win32.Build.0 = MinSizeRel|Win32
		{82B08CB2-184A-3E2D-AD18-5E175ABF1B59}.RelWithDebInfo|Win32.ActiveCfg = RelWithDebInfo|Win32
		{82B08CB2-184A-3E2D-AD18-5E175ABF1B59}.RelWithDebInfo|Win32.Build.0 = RelWithDebInfo|Win32
		{E15A6923-DD08-35EA-9638-4FDBA70BDA18}.Debug|Win32.ActiveCfg = Debug|Win32
		{E15A6923-DD08-35EA-9638-4FDBA70BDA18}.Debug|Win32.Build.0 = Debug|Win32
		{E15A6923-DD08-35EA-9638-4FDBA70BDA18}.Release|Win32.ActiveCfg = Release|Win32
		{E15A6923-DD08-35EA-9638-4FDBA70BDA18}.Release|Win32.Build.0 = Release|Win32
		{E15A6923-DD08-35EA-9638-4FDBA70BDA18}.MinSizeRel|Win32.ActiveCfg = MinSizeRel|Win32
		{E15A6923-DD08-35EA-9638-4FDBA70BDA18}.MinSizeRel|Win32.Build.0 = MinSizeRel|Win32
		{E15A6923-DD08-35EA-9638-4FDBA70BDA18}.RelWithDebInfo|Win32.ActiveCfg = RelWithDebInfo|Win32
		{E15A6923-DD08-35EA-9638-4FDBA70BDA18}.RelWithDebInfo|Win32.Build.0 = RelWithDebInfo|Win32
		{D148C367-7DC2-3A5C-A277-89C4AC9E3CE9}.Debug|Win32.ActiveCfg = Debug|Win32
		{D148C367-7DC2-3A5C-A277-89C4AC9E3CE9}.Debug|Win32.Build.0 = Debug|Win32
		{D148C367-7DC2-3A5C-A277-89C4AC9E3CE9}.Release|Win32.ActiveCfg = Release|Win32
		{D148C367-7DC2-3A5C-A277-89C4AC9E3CE9}.Release|Win32.Build.0 = Release|Win32
		{D148C367-7DC2-3A5C-A277-89C4AC9E3CE9}.MinSizeRel|Win32.ActiveCfg = MinSizeRel|Win32
		{D148C367-7DC2-3A5C-A277-89C4AC9E3CE9}.MinSizeRel|Win32.Build.0 = MinSizeRel|Win32
		{D148C367-7DC2-3A5C-A277-89C4AC9E3CE9}.RelWithDebInfo|Win32.ActiveCfg = RelWithDebInfo|Win32
		{D148C367-7DC2-3A5C-A277-89C4AC9E3CE9}.RelWithDebInfo|Win32.Build.0 = RelWithDebInfo|Win32
		{265C37AA-ECC4-36B5-A13C-2E88CB7332A3}.Debug|Win32.ActiveCfg = Debug|Win32
		{265C37AA-ECC4-36B5-A13C-2E88CB7332A3}.Debug|Win32.Build.0 = Debug|Win32
		{265C37AA-ECC4-36B5-A13C-2E88CB7332A3}.Release|Win32.ActiveCfg = Release|Win32
		{265C37AA-ECC4-36B5-A13C-2E88CB7332A3}.Release|Win32.Build.0 = Release|Win32
		{265C37AA-ECC4-36B5-A13C-2E88CB7332A3}.MinSizeRel|Win32.ActiveCfg = MinSizeRel|Win32
		{265C37AA-ECC4-36B5-A13C-2E88CB7332A3}.MinSizeRel|Win32.Build.0 = MinSizeRel|Win32
		{265C37AA-ECC4-36B5-A13C-2E88CB7332A3}.RelWithDebInfo|Win32.ActiveCfg = RelWithDebInfo|Win32
		{265C37AA-ECC4-36B5-A13C-2E88CB7332A3}.RelWithDebInfo|Win32.Build.0 = RelWithDebInfo|Win32
		{7D6A19A0-9111-3CAF-A43A-BFF61381E14F}.Debug|Win32.ActiveCfg = Debug|Win32
		{7D6A19A0-9111-3CAF-A43A-BFF61381E14F}.Debug|Win32.Build.0 = Debug|Win32
		{7D6A19A0-9111-3CAF-A43A-BFF61381E14F}.Release|Win32.ActiveCfg = Release|Win32
		{7D6A19A0-9111-3CAF-A43A-BFF61381E14F}.Release|Win32.Build.0 = Release|Win32
		{7D6A19A0-9111-3CAF-A43A-BFF61381E14F}.MinSizeRel|Win32.ActiveCfg = MinSizeRel|Win32
		{7D6A19A0-9111-3CAF-A43A-BFF61381E14F}.MinSizeRel|Win32.Build.0 = MinSizeRel|Win32
		{7D6A19A0-9111-3CAF-A43A-BFF61381E14F}.RelWithDebInfo|Win32.ActiveCfg = RelWithDebInfo|Win32
		{7D6A19A0-9111-3CAF-A43A-BFF61381E14F}.RelWithDebInfo|Win32.Build.0 = RelWithDebInfo|Win32
		{CDD3B8DF-4CCA-3BCC-8E68-137B82AE56F1}.Debug|Win32.ActiveCfg = Debug|Win32
		{CDD3B8DF-4CCA-3BCC-8E68-137B82AE56F1}.Debug|Win32.Build.0 = Debug|Win32
		{CDD3B8DF-4CCA-3BCC-8E68-137B82AE56F1}.Release|Win32.ActiveCfg = Release|Win32
		{CDD3B8DF-4CCA-3BCC-8E68-137B82AE56F1}.Release|Win32.Build.0 = Release|Win32
		{CDD3B8DF-4CCA-3BCC-8E68-137B82AE56F1}.MinSizeRel|Win32.ActiveCfg = MinSizeRel|Win32
		{CDD3B8DF-4CCA-3BCC-8E68-137B82AE56F1}.MinSizeRel|Win32.Build.0 = MinSizeRel|Win32
		{CDD3B8DF-4CCA-3BCC-8E68-137B82AE56F1}.RelWithDebInfo|Win32.ActiveCfg = RelWithDebInfo|Win32
		{CDD3B8DF-4CCA-3BCC-8E68-137B82AE56F1}.RelWithDebInfo|Win32.Build.0 = RelWithDebInfo|Win32
		{92ACE998-B429-3569-8A76-38EA24AEF2BC}.Debug|Win32.ActiveCfg = Debug|Win32
		{92ACE998-B429-3569-8A76-38EA24AEF2BC}.Debug|Win32.Build.0 = Debug|Win32
		{92ACE998-B429-3569-8A76-38EA24AEF2BC}.Release|Win32.ActiveCfg = Release|Win32
		{92ACE998-B429-3569-8A76-38EA24AEF2BC}.Release|Win32.Build.0 = Release|Win32
		{92ACE998-B429-3569-8A76-38EA24AEF2BC}.MinSizeRel|Win32.ActiveCfg = MinSizeRel|Win32
		{92ACE998-B429-3569-8A76-38EA24AEF2BC}.MinSizeRel|Win32.Build.0 = MinSizeRel|Win32
		{92ACE998-B429-3569-8A76-38EA24AEF2BC}.RelWithDebInfo|Win32.ActiveCfg = RelWithDebInfo|Win32
		{92ACE998-B429-3569-8A76-38EA24AEF2BC}.RelWithDebInfo|Win32.Build.0 = RelWithDebInfo|Win32
		{7C61C2A8-4200-3B6C-BDDE-861D78CC8DC6}.Debug|Win32.ActiveCfg = Debug|Win32
		{7C61C2A8-4200-3B6C-BDDE-861D78CC8DC6}.Debug|Win32.Build.0 = Debug|Win32
		{7C61C2A8-4200-3B6C-BDDE-861D78CC8DC6}.Release|Win32.ActiveCfg = Release|Win32
		{7C61C2A8-4200-3B6C-BDDE-861D78CC8DC6}.Release|Win32.Build.0 = Release|Win32
		{7C61C2A8-4200-3B6C-BDDE-861D78CC8DC6}.MinSizeRel|Win32.ActiveCfg = MinSizeRel|Win32
		{7C61C2A8-4200-3B6C-BDDE-861D78CC8DC6}.MinSizeRel|Win32.Build.0 = MinSizeRel|Win32
		{7C61C2A8-4200-3B6C-BDDE-861D78CC8DC6}.RelWithDebInfo|Win32.ActiveCfg = RelWithDebInfo|Win32
		{7C61C2A8-4200-3B6C-BDDE-861D78CC8DC6}.RelWithDebInfo|Win32.Build.0 = RelWithDebInfo|Win32
		{F03758BA-8090-31AC-818F-83D3B8DC0EE2}.Debug|Win32.ActiveCfg = Debug|Win32
		{F03758BA-8090-31AC-818F-83D3B8DC0EE2}.Debug|Win32.Build.0 = Debug|Win32
		{F03758BA-8090-31AC-818F-83D3B8DC0EE2}.Release|Win32.ActiveCfg = Release|Win32
		{F03758BA-8090-31AC-818F-83D3B8DC0EE2}.Release|Win32.Build.0 = Release|Win32
		{F03758BA-8090-31AC-818F-83D3B8DC0EE2}.MinSizeRel|Win32.ActiveCfg = MinSizeRel|Win32
		{F03758BA-8090-31AC-818F-83D3B8DC0EE2}.MinSizeRel|Win32.Build.0 = MinSizeRel|Win32
		{F03758BA-8090-31AC-818F-83D3B8DC0EE2}.RelWithDebInfo|Win32.ActiveCfg = RelWithDebInfo|Win32
		{F03758BA-8090-31AC-818F-83D3B8DC0EE2}.RelWithDebInfo|Win32.Build.0 = RelWithDebInfo|Win32
		{B3843192-7FBF-3235-9232-CA41F80B21FF}.Debug|Win32.ActiveCfg = Debug|Win32
		{B3843192-7FBF-3235-9232-CA41F80B21FF}.Debug|Win32.Build.0 = Debug|Win32
		{B3843192-7FBF-3235-9232-CA41F80B21FF}.Release|Win32.ActiveCfg = Release|Win32
		{B3843192-7FBF-3235-9232-CA41F80B21FF}.Release|Win32.Build.0 = Release|Win32
		{B3843192-7FBF-3235-9232-CA41F80B21FF}.MinSizeRel|Win32.ActiveCfg = MinSizeRel|Win32
		{B3843192-7FBF-3235-9232-CA41F80B21FF}.MinSizeRel|Win32.Build.0 = MinSizeRel|Win32
		{B3843192-7FBF-3235-9232-CA41F80B21FF}.RelWithDebInfo|Win32.ActiveCfg = RelWithDebInfo|Win32
		{B3843192-7FBF-3235-9232-CA41F80B21FF}.RelWithDebInfo|Win32.Build.0 = RelWithDebInfo|Win32
	EndGlobalSection
	GlobalSection(NestedProjects) = preSolution
		{5863C75F-0344-3917-9278-183B538A9238} = {758D56B6-97CE-340F-A929-57124F0C27B4}
		{D148C367-7DC2-3A5C-A277-89C4AC9E3CE9} = {758D56B6-97CE-340F-A929-57124F0C27B4}
		{167F7E4D-B4C1-336C-85F1-BED83242794A} = {C13D89F6-D8DC-3D9B-B603-EC8C44AD7BFA}
		{63FE3E02-CFBA-3AD1-A768-A13E6E0A03FA} = {C13D89F6-D8DC-3D9B-B603-EC8C44AD7BFA}
		{9CF11085-F01F-3512-A8C2-C462C8F7B328} = {C13D89F6-D8DC-3D9B-B603-EC8C44AD7BFA}
		{A3CB353E-78EC-3CF2-9127-6F4F2DA70129} = {3E082D97-DA62-3CCF-8AF6-DD881F47BC99}
		{1C3B4EC5-BA5B-345E-8FAB-3C76A006AC2C} = {3E082D97-DA62-3CCF-8AF6-DD881F47BC99}
		{265C37AA-ECC4-36B5-A13C-2E88CB7332A3} = {3E082D97-DA62-3CCF-8AF6-DD881F47BC99}
		{7D6A19A0-9111-3CAF-A43A-BFF61381E14F} = {3E082D97-DA62-3CCF-8AF6-DD881F47BC99}
		{CDD3B8DF-4CCA-3BCC-8E68-137B82AE56F1} = {3E082D97-DA62-3CCF-8AF6-DD881F47BC99}
		{F03758BA-8090-31AC-818F-83D3B8DC0EE2} = {3E082D97-DA62-3CCF-8AF6-DD881F47BC99}
		{B3843192-7FBF-3235-9232-CA41F80B21FF} = {3E082D97-DA62-3CCF-8AF6-DD881F47BC99}
		{18E06979-EF89-3666-BD12-350C957703B1} = {01123C17-3AD3-3671-8F5F-304EDBD739BE}
		{9C6ED766-ED06-3118-B3C2-F3FC47CF32F3} = {01123C17-3AD3-3671-8F5F-304EDBD739BE}
		{01A93375-9BF5-3295-9887-3F2BB705BB38} = {01123C17-3AD3-3671-8F5F-304EDBD739BE}
		{5266337D-393A-3E1F-844F-67FC189D2CF2} = {01123C17-3AD3-3671-8F5F-304EDBD739BE}
		{279DEAF0-0EB2-3EB3-B184-41CDE8309C55} = {18E06979-EF89-3666-BD12-350C957703B1}
		{1682A8A8-1252-3078-B41E-7EFD6B200148} = {9C6ED766-ED06-3118-B3C2-F3FC47CF32F3}
		{22E945F0-5EE9-30C7-A805-C419450AA6DC} = {01A93375-9BF5-3295-9887-3F2BB705BB38}
		{9CB1F386-3D28-3A6E-8813-CC9A20EE1FEC} = {5266337D-393A-3E1F-844F-67FC189D2CF2}
		{8032EFBB-E106-3F83-B365-B52BC0558EEE} = {C1BD054E-684C-31B4-884D-3F1AB68A404A}
		{82EE01E7-0946-33C8-9330-E07553E38C59} = {B122EF89-E285-33F8-8187-E87EDDF9FAE3}
		{D3565204-F360-3BE0-8C38-98F9FB784E46} = {B122EF89-E285-33F8-8187-E87EDDF9FAE3}
		{E15A6923-DD08-35EA-9638-4FDBA70BDA18} = {B122EF89-E285-33F8-8187-E87EDDF9FAE3}
		{92ACE998-B429-3569-8A76-38EA24AEF2BC} = {B122EF89-E285-33F8-8187-E87EDDF9FAE3}
	EndGlobalSection
	GlobalSection(ExtensibilityGlobals) = postSolution
		SolutionGuid = {96E383F2-D5A3-38A7-AD1E-C52F7BB119DB}
	EndGlobalSection
	GlobalSection(ExtensibilityAddIns) = postSolution
	EndGlobalSection
EndGlobal
